{
  "name": "bloomly",
  "version": "2.0.0",
  "lockfileVersion": 3,
  "requires": true,
  "packages": {
    "": {
      "name": "bloomly",
      "version": "2.0.0",
      "license": "MIT",
      "type": "module",
      "dependencies": {
        "@neondatabase/serverless": "latest",
        "@prisma/client": "latest",
        "ws": "latest"
      },
      "devDependencies": {
        "prisma": "latest",
        "serve": "^14.2.1"
      }
    }
  }
}
